
Microsoft Visual Studio Solution File, Format Version 12.00
# Visual Studio Version 17
VisualStudioVersion = 17.3.32825.248
MinimumVisualStudioVersion = 10.0.40219.1
Project("{FAE04EC0-301F-11D3-BF4B-00C04F79EFBC}") = "GetDataApi", "GetDataApi\GetDataApi.csproj", "{FA7613F7-C7DE-411A-8DD1-42F3CAA8D550}"
EndProject
Global
	GlobalSection(SolutionConfigurationPlatforms) = preSolution
		Debug|Any CPU = Debug|Any CPU
		Release|Any CPU = Release|Any CPU
	EndGlobalSection
	GlobalSection(ProjectConfigurationPlatforms) = postSolution
		{FA7613F7-C7DE-411A-8DD1-42F3CAA8D550}.Debug|Any CPU.ActiveCfg = Debug|Any CPU
		{FA7613F7-C7DE-411A-8DD1-42F3CAA8D550}.Debug|Any CPU.Build.0 = Debug|Any CPU
		{FA7613F7-C7DE-411A-8DD1-42F3CAA8D550}.Release|Any CPU.ActiveCfg = Release|Any CPU
		{FA7613F7-C7DE-411A-8DD1-42F3CAA8D550}.Release|Any CPU.Build.0 = Release|Any CPU
	EndGlobalSection
	GlobalSection(SolutionProperties) = preSolution
		HideSolutionNode = FALSE
	EndGlobalSection
	GlobalSection(ExtensibilityGlobals) = postSolution
		SolutionGuid = {41B15CB7-59E3-4976-897A-F2D207D71566}
	EndGlobalSection
EndGlobal
